
Microsoft Visual Studio Solution File, Format Version 12.00
# Visual Studio 2012
Project("{FAE04EC0-301F-11D3-BF4B-00C04F79EFBC}") = "XamarinAuthSample", "XamarinAuth1\XamarinAuthSample.csproj", "{7162A7A1-E43F-4094-B05D-5DCE21E9A5B0}"
EndProject
Global
	GlobalSection(SolutionConfigurationPlatforms) = preSolution
		Debug|iPhoneSimulator = Debug|iPhoneSimulator
		Release|iPhone = Release|iPhone
		Release|iPhoneSimulator = Release|iPhoneSimulator
		Debug|iPhone = Debug|iPhone
	EndGlobalSection
	GlobalSection(ProjectConfigurationPlatforms) = postSolution
		{7162A7A1-E43F-4094-B05D-5DCE21E9A5B0}.Debug|iPhoneSimulator.ActiveCfg = Debug|iPhoneSimulator
		{7162A7A1-E43F-4094-B05D-5DCE21E9A5B0}.Debug|iPhoneSimulator.Build.0 = Debug|iPhoneSimulator
		{7162A7A1-E43F-4094-B05D-5DCE21E9A5B0}.Release|iPhone.ActiveCfg = Release|iPhone
		{7162A7A1-E43F-4094-B05D-5DCE21E9A5B0}.Release|iPhone.Build.0 = Release|iPhone
		{7162A7A1-E43F-4094-B05D-5DCE21E9A5B0}.Release|iPhoneSimulator.ActiveCfg = Release|iPhoneSimulator
		{7162A7A1-E43F-4094-B05D-5DCE21E9A5B0}.Release|iPhoneSimulator.Build.0 = Release|iPhoneSimulator
		{7162A7A1-E43F-4094-B05D-5DCE21E9A5B0}.Debug|iPhone.ActiveCfg = Debug|iPhone
		{7162A7A1-E43F-4094-B05D-5DCE21E9A5B0}.Debug|iPhone.Build.0 = Debug|iPhone
	EndGlobalSection
EndGlobal
